// !$*UTF8*$!
{
	archiveVersion = 1;
	classes = {
	};
	objectVersion = 50;
	objects = {

/* Begin PBXBuildFile section */
		15128C8B22241E56002C3BDA /* Database.swift in Sources */ = {isa = PBXBuildFile; fileRef = 15128C8A22241E56002C3BDA /* Database.swift */; };
		15128C8D22242876002C3BDA /* AddAction.swift in Sources */ = {isa = PBXBuildFile; fileRef = 15128C8C22242876002C3BDA /* AddAction.swift */; };
		15128C8F2224E5A9002C3BDA /* addPlan.swift in Sources */ = {isa = PBXBuildFile; fileRef = 15128C8E2224E5A9002C3BDA /* addPlan.swift */; };
		15128C912225458B002C3BDA /* AllActions.swift in Sources */ = {isa = PBXBuildFile; fileRef = 15128C902225458B002C3BDA /* AllActions.swift */; };
		15457F822223B65B00307D90 /* WorkoutTests.swift in Sources */ = {isa = PBXBuildFile; fileRef = 15457F812223B65B00307D90 /* WorkoutTests.swift */; };
		15B25B92221D367C00FDE5BE /* Utility.swift in Sources */ = {isa = PBXBuildFile; fileRef = 15B25B91221D367C00FDE5BE /* Utility.swift */; };
		15B25B94221D4EDF00FDE5BE /* BeginWorkout.swift in Sources */ = {isa = PBXBuildFile; fileRef = 15B25B93221D4EDF00FDE5BE /* BeginWorkout.swift */; };
		15B25B96221ECAED00FDE5BE /* SearchAction.swift in Sources */ = {isa = PBXBuildFile; fileRef = 15B25B95221ECAED00FDE5BE /* SearchAction.swift */; };
		15B25B992222CC3C00FDE5BE /* DatabaseOperation.swift in Sources */ = {isa = PBXBuildFile; fileRef = 15B25B982222CC3C00FDE5BE /* DatabaseOperation.swift */; };
		15B7E8EA221A573B0086EEBE /* MusicView.swift in Sources */ = {isa = PBXBuildFile; fileRef = 15B7E8E9221A573B0086EEBE /* MusicView.swift */; };
		15CFE0122228FD3A0050ACF2 /* OnGoing.swift in Sources */ = {isa = PBXBuildFile; fileRef = 15CFE0112228FD3A0050ACF2 /* OnGoing.swift */; };
		15CFE014222903920050ACF2 /* BottomSheetViewController.swift in Sources */ = {isa = PBXBuildFile; fileRef = 15CFE013222903920050ACF2 /* BottomSheetViewController.swift */; };
		15E3C4F722153C3500292EA5 /* AppDelegate.swift in Sources */ = {isa = PBXBuildFile; fileRef = 15E3C4F622153C3500292EA5 /* AppDelegate.swift */; };
		15E3C4F922153C3500292EA5 /* MainView.swift in Sources */ = {isa = PBXBuildFile; fileRef = 15E3C4F822153C3500292EA5 /* MainView.swift */; };
		15E3C4FC22153C3500292EA5 /* Main.storyboard in Resources */ = {isa = PBXBuildFile; fileRef = 15E3C4FA22153C3500292EA5 /* Main.storyboard */; };
		15E3C4FF22153C3500292EA5 /* Workout.xcdatamodeld in Sources */ = {isa = PBXBuildFile; fileRef = 15E3C4FD22153C3500292EA5 /* Workout.xcdatamodeld */; };
		15E3C50122153C3600292EA5 /* Assets.xcassets in Resources */ = {isa = PBXBuildFile; fileRef = 15E3C50022153C3600292EA5 /* Assets.xcassets */; };
		15E3C50422153C3600292EA5 /* LaunchScreen.storyboard in Resources */ = {isa = PBXBuildFile; fileRef = 15E3C50222153C3600292EA5 /* LaunchScreen.storyboard */; };
		15E3C50D22153C5400292EA5 /* HealthKit.framework in Frameworks */ = {isa = PBXBuildFile; fileRef = 15E3C50C22153C5400292EA5 /* HealthKit.framework */; };
		15E3C51022153EA200292EA5 /* WorkoutCalendarView.swift in Sources */ = {isa = PBXBuildFile; fileRef = 15E3C50F22153EA100292EA5 /* WorkoutCalendarView.swift */; };
		15E3C5122215511300292EA5 /* DataStructure.swift in Sources */ = {isa = PBXBuildFile; fileRef = 15E3C5112215511300292EA5 /* DataStructure.swift */; };
		4A30DA41B67CF028FF3C480C /* Pods_Workout.framework in Frameworks */ = {isa = PBXBuildFile; fileRef = F990BE63AAE1AABBB5AD97D0 /* Pods_Workout.framework */; };
/* End PBXBuildFile section */

/* Begin PBXContainerItemProxy section */
		15457F842223B65B00307D90 /* PBXContainerItemProxy */ = {
			isa = PBXContainerItemProxy;
			containerPortal = 15E3C4EB22153C3400292EA5 /* Project object */;
			proxyType = 1;
			remoteGlobalIDString = 15E3C4F222153C3400292EA5;
			remoteInfo = Workout;
		};
/* End PBXContainerItemProxy section */

/* Begin PBXFileReference section */
		15128C8A22241E56002C3BDA /* Database.swift */ = {isa = PBXFileReference; lastKnownFileType = sourcecode.swift; path = Database.swift; sourceTree = "<group>"; };
		15128C8C22242876002C3BDA /* AddAction.swift */ = {isa = PBXFileReference; lastKnownFileType = sourcecode.swift; path = AddAction.swift; sourceTree = "<group>"; };
		15128C8E2224E5A9002C3BDA /* addPlan.swift */ = {isa = PBXFileReference; lastKnownFileType = sourcecode.swift; path = addPlan.swift; sourceTree = "<group>"; };
		15128C902225458B002C3BDA /* AllActions.swift */ = {isa = PBXFileReference; lastKnownFileType = sourcecode.swift; path = AllActions.swift; sourceTree = "<group>"; };
		15457F7F2223B65B00307D90 /* WorkoutTests.xctest */ = {isa = PBXFileReference; explicitFileType = wrapper.cfbundle; includeInIndex = 0; path = WorkoutTests.xctest; sourceTree = BUILT_PRODUCTS_DIR; };
		15457F812223B65B00307D90 /* WorkoutTests.swift */ = {isa = PBXFileReference; lastKnownFileType = sourcecode.swift; path = WorkoutTests.swift; sourceTree = "<group>"; };
		15457F832223B65B00307D90 /* Info.plist */ = {isa = PBXFileReference; lastKnownFileType = text.plist.xml; path = Info.plist; sourceTree = "<group>"; };
		15B25B91221D367C00FDE5BE /* Utility.swift */ = {isa = PBXFileReference; lastKnownFileType = sourcecode.swift; path = Utility.swift; sourceTree = "<group>"; };
		15B25B93221D4EDF00FDE5BE /* BeginWorkout.swift */ = {isa = PBXFileReference; lastKnownFileType = sourcecode.swift; path = BeginWorkout.swift; sourceTree = "<group>"; };
		15B25B95221ECAED00FDE5BE /* SearchAction.swift */ = {isa = PBXFileReference; lastKnownFileType = sourcecode.swift; path = SearchAction.swift; sourceTree = "<group>"; };
		15B25B982222CC3C00FDE5BE /* DatabaseOperation.swift */ = {isa = PBXFileReference; lastKnownFileType = sourcecode.swift; path = DatabaseOperation.swift; sourceTree = "<group>"; };
		15B7E8E9221A573B0086EEBE /* MusicView.swift */ = {isa = PBXFileReference; lastKnownFileType = sourcecode.swift; path = MusicView.swift; sourceTree = "<group>"; };
		15CFE0112228FD3A0050ACF2 /* OnGoing.swift */ = {isa = PBXFileReference; lastKnownFileType = sourcecode.swift; path = OnGoing.swift; sourceTree = "<group>"; };
		15CFE013222903920050ACF2 /* BottomSheetViewController.swift */ = {isa = PBXFileReference; lastKnownFileType = sourcecode.swift; path = BottomSheetViewController.swift; sourceTree = "<group>"; };
		15E3C4F322153C3400292EA5 /* Workout.app */ = {isa = PBXFileReference; explicitFileType = wrapper.application; includeInIndex = 0; path = Workout.app; sourceTree = BUILT_PRODUCTS_DIR; };
		15E3C4F622153C3500292EA5 /* AppDelegate.swift */ = {isa = PBXFileReference; lastKnownFileType = sourcecode.swift; path = AppDelegate.swift; sourceTree = "<group>"; };
		15E3C4F822153C3500292EA5 /* MainView.swift */ = {isa = PBXFileReference; lastKnownFileType = sourcecode.swift; path = MainView.swift; sourceTree = "<group>"; };
		15E3C4FB22153C3500292EA5 /* Base */ = {isa = PBXFileReference; lastKnownFileType = file.storyboard; name = Base; path = Base.lproj/Main.storyboard; sourceTree = "<group>"; };
		15E3C4FE22153C3500292EA5 /* Workout.xcdatamodel */ = {isa = PBXFileReference; lastKnownFileType = wrapper.xcdatamodel; path = Workout.xcdatamodel; sourceTree = "<group>"; };
		15E3C50022153C3600292EA5 /* Assets.xcassets */ = {isa = PBXFileReference; lastKnownFileType = folder.assetcatalog; path = Assets.xcassets; sourceTree = "<group>"; };
		15E3C50322153C3600292EA5 /* Base */ = {isa = PBXFileReference; lastKnownFileType = file.storyboard; name = Base; path = Base.lproj/LaunchScreen.storyboard; sourceTree = "<group>"; };
		15E3C50522153C3600292EA5 /* Info.plist */ = {isa = PBXFileReference; lastKnownFileType = text.plist.xml; path = Info.plist; sourceTree = "<group>"; };
		15E3C50C22153C5400292EA5 /* HealthKit.framework */ = {isa = PBXFileReference; lastKnownFileType = wrapper.framework; name = HealthKit.framework; path = System/Library/Frameworks/HealthKit.framework; sourceTree = SDKROOT; };
		15E3C50E22153C5400292EA5 /* Workout.entitlements */ = {isa = PBXFileReference; lastKnownFileType = text.plist.entitlements; path = Workout.entitlements; sourceTree = "<group>"; };
		15E3C50F22153EA100292EA5 /* WorkoutCalendarView.swift */ = {isa = PBXFileReference; lastKnownFileType = sourcecode.swift; path = WorkoutCalendarView.swift; sourceTree = "<group>"; };
		15E3C5112215511300292EA5 /* DataStructure.swift */ = {isa = PBXFileReference; lastKnownFileType = sourcecode.swift; path = DataStructure.swift; sourceTree = "<group>"; };
		3C9EE590026AD9DFFF2D4520 /* Pods-Workout.debug.xcconfig */ = {isa = PBXFileReference; includeInIndex = 1; lastKnownFileType = text.xcconfig; name = "Pods-Workout.debug.xcconfig"; path = "Pods/Target Support Files/Pods-Workout/Pods-Workout.debug.xcconfig"; sourceTree = "<group>"; };
		882F10366FFC100E517EEA3E /* Pods-Workout.release.xcconfig */ = {isa = PBXFileReference; includeInIndex = 1; lastKnownFileType = text.xcconfig; name = "Pods-Workout.release.xcconfig"; path = "Pods/Target Support Files/Pods-Workout/Pods-Workout.release.xcconfig"; sourceTree = "<group>"; };
		F990BE63AAE1AABBB5AD97D0 /* Pods_Workout.framework */ = {isa = PBXFileReference; explicitFileType = wrapper.framework; includeInIndex = 0; path = Pods_Workout.framework; sourceTree = BUILT_PRODUCTS_DIR; };
/* End PBXFileReference section */

/* Begin PBXFrameworksBuildPhase section */
		15457F7C2223B65B00307D90 /* Frameworks */ = {
			isa = PBXFrameworksBuildPhase;
			buildActionMask = 2147483647;
			files = (
			);
			runOnlyForDeploymentPostprocessing = 0;
		};
		15E3C4F022153C3400292EA5 /* Frameworks */ = {
			isa = PBXFrameworksBuildPhase;
			buildActionMask = 2147483647;
			files = (
				15E3C50D22153C5400292EA5 /* HealthKit.framework in Frameworks */,
				4A30DA41B67CF028FF3C480C /* Pods_Workout.framework in Frameworks */,
			);
			runOnlyForDeploymentPostprocessing = 0;
		};
/* End PBXFrameworksBuildPhase section */

/* Begin PBXGroup section */
		0EF233154B12D9E9DA947A8D /* Pods */ = {
			isa = PBXGroup;
			children = (
				3C9EE590026AD9DFFF2D4520 /* Pods-Workout.debug.xcconfig */,
				882F10366FFC100E517EEA3E /* Pods-Workout.release.xcconfig */,
			);
			name = Pods;
			sourceTree = "<group>";
		};
		15457F802223B65B00307D90 /* WorkoutTests */ = {
			isa = PBXGroup;
			children = (
				15457F812223B65B00307D90 /* WorkoutTests.swift */,
				15457F832223B65B00307D90 /* Info.plist */,
			);
			path = WorkoutTests;
			sourceTree = "<group>";
		};
		15E3C4EA22153C3400292EA5 = {
			isa = PBXGroup;
			children = (
				15E3C4F522153C3400292EA5 /* Workout */,
				15457F802223B65B00307D90 /* WorkoutTests */,
				15E3C4F422153C3400292EA5 /* Products */,
				15E3C50B22153C5400292EA5 /* Frameworks */,
				0EF233154B12D9E9DA947A8D /* Pods */,
			);
			sourceTree = "<group>";
		};
		15E3C4F422153C3400292EA5 /* Products */ = {
			isa = PBXGroup;
			children = (
				15E3C4F322153C3400292EA5 /* Workout.app */,
				15457F7F2223B65B00307D90 /* WorkoutTests.xctest */,
			);
			name = Products;
			sourceTree = "<group>";
		};
		15E3C4F522153C3400292EA5 /* Workout */ = {
			isa = PBXGroup;
			children = (
				15E3C50E22153C5400292EA5 /* Workout.entitlements */,
				15E3C4F622153C3500292EA5 /* AppDelegate.swift */,
				15E3C4F822153C3500292EA5 /* MainView.swift */,
				15E3C4FA22153C3500292EA5 /* Main.storyboard */,
				15CFE0112228FD3A0050ACF2 /* OnGoing.swift */,
				15E3C50022153C3600292EA5 /* Assets.xcassets */,
				15E3C50222153C3600292EA5 /* LaunchScreen.storyboard */,
				15E3C50522153C3600292EA5 /* Info.plist */,
				15E3C4FD22153C3500292EA5 /* Workout.xcdatamodeld */,
				15E3C50F22153EA100292EA5 /* WorkoutCalendarView.swift */,
				15E3C5112215511300292EA5 /* DataStructure.swift */,
				15B7E8E9221A573B0086EEBE /* MusicView.swift */,
				15B25B91221D367C00FDE5BE /* Utility.swift */,
				15B25B93221D4EDF00FDE5BE /* BeginWorkout.swift */,
				15B25B95221ECAED00FDE5BE /* SearchAction.swift */,
				15B25B982222CC3C00FDE5BE /* DatabaseOperation.swift */,
				15128C8A22241E56002C3BDA /* Database.swift */,
				15128C8C22242876002C3BDA /* AddAction.swift */,
				15128C8E2224E5A9002C3BDA /* addPlan.swift */,
				15128C902225458B002C3BDA /* AllActions.swift */,
				15CFE013222903920050ACF2 /* BottomSheetViewController.swift */,
			);
			path = Workout;
			sourceTree = "<group>";
		};
		15E3C50B22153C5400292EA5 /* Frameworks */ = {
			isa = PBXGroup;
			children = (
				15E3C50C22153C5400292EA5 /* HealthKit.framework */,
				F990BE63AAE1AABBB5AD97D0 /* Pods_Workout.framework */,
			);
			name = Frameworks;
			sourceTree = "<group>";
		};
/* End PBXGroup section */

/* Begin PBXNativeTarget section */
		15457F7E2223B65B00307D90 /* WorkoutTests */ = {
			isa = PBXNativeTarget;
			buildConfigurationList = 15457F882223B65B00307D90 /* Build configuration list for PBXNativeTarget "WorkoutTests" */;
			buildPhases = (
				15457F7B2223B65B00307D90 /* Sources */,
				15457F7C2223B65B00307D90 /* Frameworks */,
				15457F7D2223B65B00307D90 /* Resources */,
			);
			buildRules = (
			);
			dependencies = (
				15457F852223B65B00307D90 /* PBXTargetDependency */,
			);
			name = WorkoutTests;
			productName = WorkoutTests;
			productReference = 15457F7F2223B65B00307D90 /* WorkoutTests.xctest */;
			productType = "com.apple.product-type.bundle.unit-test";
		};
		15E3C4F222153C3400292EA5 /* Workout */ = {
			isa = PBXNativeTarget;
			buildConfigurationList = 15E3C50822153C3600292EA5 /* Build configuration list for PBXNativeTarget "Workout" */;
			buildPhases = (
				78367EB457462FE4895087C7 /* [CP] Check Pods Manifest.lock */,
				15E3C4EF22153C3400292EA5 /* Sources */,
				15E3C4F022153C3400292EA5 /* Frameworks */,
				15E3C4F122153C3400292EA5 /* Resources */,
				E8860FCA2D19F36FBFF4A9D0 /* [CP] Embed Pods Frameworks */,
			);
			buildRules = (
			);
			dependencies = (
			);
			name = Workout;
			productName = Workout;
			productReference = 15E3C4F322153C3400292EA5 /* Workout.app */;
			productType = "com.apple.product-type.application";
		};
/* End PBXNativeTarget section */

/* Begin PBXProject section */
		15E3C4EB22153C3400292EA5 /* Project object */ = {
			isa = PBXProject;
			attributes = {
				LastSwiftUpdateCheck = 1010;
				LastUpgradeCheck = 1010;
				ORGANIZATIONNAME = francis;
				TargetAttributes = {
					15457F7E2223B65B00307D90 = {
						CreatedOnToolsVersion = 10.1;
						TestTargetID = 15E3C4F222153C3400292EA5;
					};
					15E3C4F222153C3400292EA5 = {
						CreatedOnToolsVersion = 10.1;
						SystemCapabilities = {
							com.apple.HealthKit = {
								enabled = 1;
							};
						};
					};
				};
			};
			buildConfigurationList = 15E3C4EE22153C3400292EA5 /* Build configuration list for PBXProject "Workout" */;
			compatibilityVersion = "Xcode 9.3";
			developmentRegion = en;
			hasScannedForEncodings = 0;
			knownRegions = (
				en,
				Base,
			);
			mainGroup = 15E3C4EA22153C3400292EA5;
			productRefGroup = 15E3C4F422153C3400292EA5 /* Products */;
			projectDirPath = "";
			projectRoot = "";
			targets = (
				15E3C4F222153C3400292EA5 /* Workout */,
				15457F7E2223B65B00307D90 /* WorkoutTests */,
			);
		};
/* End PBXProject section */

/* Begin PBXResourcesBuildPhase section */
		15457F7D2223B65B00307D90 /* Resources */ = {
			isa = PBXResourcesBuildPhase;
			buildActionMask = 2147483647;
			files = (
			);
			runOnlyForDeploymentPostprocessing = 0;
		};
		15E3C4F122153C3400292EA5 /* Resources */ = {
			isa = PBXResourcesBuildPhase;
			buildActionMask = 2147483647;
			files = (
				15E3C50422153C3600292EA5 /* LaunchScreen.storyboard in Resources */,
				15E3C50122153C3600292EA5 /* Assets.xcassets in Resources */,
				15E3C4FC22153C3500292EA5 /* Main.storyboard in Resources */,
			);
			runOnlyForDeploymentPostprocessing = 0;
		};
/* End PBXResourcesBuildPhase section */

/* Begin PBXShellScriptBuildPhase section */
		78367EB457462FE4895087C7 /* [CP] Check Pods Manifest.lock */ = {
			isa = PBXShellScriptBuildPhase;
			buildActionMask = 2147483647;
			files = (
			);
			inputFileListPaths = (
			);
			inputPaths = (
				"${PODS_PODFILE_DIR_PATH}/Podfile.lock",
				"${PODS_ROOT}/Manifest.lock",
			);
			name = "[CP] Check Pods Manifest.lock";
			outputFileListPaths = (
			);
			outputPaths = (
				"$(DERIVED_FILE_DIR)/Pods-Workout-checkManifestLockResult.txt",
			);
			runOnlyForDeploymentPostprocessing = 0;
			shellPath = /bin/sh;
			shellScript = "diff \"${PODS_PODFILE_DIR_PATH}/Podfile.lock\" \"${PODS_ROOT}/Manifest.lock\" > /dev/null\nif [ $? != 0 ] ; then\n    # print error to STDERR\n    echo \"error: The sandbox is not in sync with the Podfile.lock. Run 'pod install' or update your CocoaPods installation.\" >&2\n    exit 1\nfi\n# This output is used by Xcode 'outputs' to avoid re-running this script phase.\necho \"SUCCESS\" > \"${SCRIPT_OUTPUT_FILE_0}\"\n";
			showEnvVarsInLog = 0;
		};
		E8860FCA2D19F36FBFF4A9D0 /* [CP] Embed Pods Frameworks */ = {
			isa = PBXShellScriptBuildPhase;
			buildActionMask = 2147483647;
			files = (
			);
			inputFileListPaths = (
			);
			inputPaths = (
				"${SRCROOT}/Pods/Target Support Files/Pods-Workout/Pods-Workout-frameworks.sh",
				"${BUILT_PRODUCTS_DIR}/Alamofire/Alamofire.framework",
			);
			name = "[CP] Embed Pods Frameworks";
			outputFileListPaths = (
			);
			outputPaths = (
				"${TARGET_BUILD_DIR}/${FRAMEWORKS_FOLDER_PATH}/Alamofire.framework",
			);
			runOnlyForDeploymentPostprocessing = 0;
			shellPath = /bin/sh;
			shellScript = "\"${SRCROOT}/Pods/Target Support Files/Pods-Workout/Pods-Workout-frameworks.sh\"\n";
			showEnvVarsInLog = 0;
		};
/* End PBXShellScriptBuildPhase section */

/* Begin PBXSourcesBuildPhase section */
		15457F7B2223B65B00307D90 /* Sources */ = {
			isa = PBXSourcesBuildPhase;
			buildActionMask = 2147483647;
			files = (
				15457F822223B65B00307D90 /* WorkoutTests.swift in Sources */,
			);
			runOnlyForDeploymentPostprocessing = 0;
		};
		15E3C4EF22153C3400292EA5 /* Sources */ = {
			isa = PBXSourcesBuildPhase;
			buildActionMask = 2147483647;
			files = (
				15B25B92221D367C00FDE5BE /* Utility.swift in Sources */,
				15128C8D22242876002C3BDA /* AddAction.swift in Sources */,
				15128C8B22241E56002C3BDA /* Database.swift in Sources */,
				15E3C4FF22153C3500292EA5 /* Workout.xcdatamodeld in Sources */,
				15CFE0122228FD3A0050ACF2 /* OnGoing.swift in Sources */,
				15B25B992222CC3C00FDE5BE /* DatabaseOperation.swift in Sources */,
				15B25B96221ECAED00FDE5BE /* SearchAction.swift in Sources */,
				15CFE014222903920050ACF2 /* BottomSheetViewController.swift in Sources */,
				15E3C51022153EA200292EA5 /* WorkoutCalendarView.swift in Sources */,
				15E3C5122215511300292EA5 /* DataStructure.swift in Sources */,
				15E3C4F922153C3500292EA5 /* MainView.swift in Sources */,
				15128C912225458B002C3BDA /* AllActions.swift in Sources */,
				15B25B94221D4EDF00FDE5BE /* BeginWorkout.swift in Sources */,
				15B7E8EA221A573B0086EEBE /* MusicView.swift in Sources */,
				15E3C4F722153C3500292EA5 /* AppDelegate.swift in Sources */,
				15128C8F2224E5A9002C3BDA /* addPlan.swift in Sources */,
			);
			runOnlyForDeploymentPostprocessing = 0;
		};
/* End PBXSourcesBuildPhase section */

/* Begin PBXTargetDependency section */
		15457F852223B65B00307D90 /* PBXTargetDependency */ = {
			isa = PBXTargetDependency;
			target = 15E3C4F222153C3400292EA5 /* Workout */;
			targetProxy = 15457F842223B65B00307D90 /* PBXContainerItemProxy */;
		};
/* End PBXTargetDependency section */

/* Begin PBXVariantGroup section */
		15E3C4FA22153C3500292EA5 /* Main.storyboard */ = {
			isa = PBXVariantGroup;
			children = (
				15E3C4FB22153C3500292EA5 /* Base */,
			);
			name = Main.storyboard;
			sourceTree = "<group>";
		};
		15E3C50222153C3600292EA5 /* LaunchScreen.storyboard */ = {
			isa = PBXVariantGroup;
			children = (
				15E3C50322153C3600292EA5 /* Base */,
			);
			name = LaunchScreen.storyboard;
			sourceTree = "<group>";
		};
/* End PBXVariantGroup section */

/* Begin XCBuildConfiguration section */
		15457F862223B65B00307D90 /* Debug */ = {
			isa = XCBuildConfiguration;
			buildSettings = {
				BUNDLE_LOADER = "$(TEST_HOST)";
				CODE_SIGN_STYLE = Automatic;
				DEVELOPMENT_TEAM = 29QS2U2ZSM;
				INFOPLIST_FILE = WorkoutTests/Info.plist;
				LD_RUNPATH_SEARCH_PATHS = (
					"$(inherited)",
					"@executable_path/Frameworks",
					"@loader_path/Frameworks",
				);
				PRODUCT_BUNDLE_IDENTIFIER = com.shenFeiyu.Workout.WorkoutTests;
				PRODUCT_NAME = "$(TARGET_NAME)";
				SWIFT_VERSION = 4.2;
				TARGETED_DEVICE_FAMILY = "1,2";
				TEST_HOST = "$(BUILT_PRODUCTS_DIR)/Workout.app/Workout";
			};
			name = Debug;
		};
		15457F872223B65B00307D90 /* Release */ = {
			isa = XCBuildConfiguration;
			buildSettings = {
				BUNDLE_LOADER = "$(TEST_HOST)";
				CODE_SIGN_STYLE = Automatic;
				DEVELOPMENT_TEAM = 29QS2U2ZSM;
				INFOPLIST_FILE = WorkoutTests/Info.plist;
				LD_RUNPATH_SEARCH_PATHS = (
					"$(inherited)",
					"@executable_path/Frameworks",
					"@loader_path/Frameworks",
				);
				PRODUCT_BUNDLE_IDENTIFIER = com.shenFeiyu.Workout.WorkoutTests;
				PRODUCT_NAME = "$(TARGET_NAME)";
				SWIFT_VERSION = 4.2;
				TARGETED_DEVICE_FAMILY = "1,2";
				TEST_HOST = "$(BUILT_PRODUCTS_DIR)/Workout.app/Workout";
			};
			name = Release;
		};
		15E3C50622153C3600292EA5 /* Debug */ = {
			isa = XCBuildConfiguration;
			buildSettings = {
				ALWAYS_SEARCH_USER_PATHS = NO;
				CLANG_ANALYZER_NONNULL = YES;
				CLANG_ANALYZER_NUMBER_OBJECT_CONVERSION = YES_AGGRESSIVE;
				CLANG_CXX_LANGUAGE_STANDARD = "gnu++14";
				CLANG_CXX_LIBRARY = "libc++";
				CLANG_ENABLE_MODULES = YES;
				CLANG_ENABLE_OBJC_ARC = YES;
				CLANG_ENABLE_OBJC_WEAK = YES;
				CLANG_WARN_BLOCK_CAPTURE_AUTORELEASING = YES;
				CLANG_WARN_BOOL_CONVERSION = YES;
				CLANG_WARN_COMMA = YES;
				CLANG_WARN_CONSTANT_CONVERSION = YES;
				CLANG_WARN_DEPRECATED_OBJC_IMPLEMENTATIONS = YES;
				CLANG_WARN_DIRECT_OBJC_ISA_USAGE = YES_ERROR;
				CLANG_WARN_DOCUMENTATION_COMMENTS = YES;
				CLANG_WARN_EMPTY_BODY = YES;
				CLANG_WARN_ENUM_CONVERSION = YES;
				CLANG_WARN_INFINITE_RECURSION = YES;
				CLANG_WARN_INT_CONVERSION = YES;
				CLANG_WARN_NON_LITERAL_NULL_CONVERSION = YES;
				CLANG_WARN_OBJC_IMPLICIT_RETAIN_SELF = YES;
				CLANG_WARN_OBJC_LITERAL_CONVERSION = YES;
				CLANG_WARN_OBJC_ROOT_CLASS = YES_ERROR;
				CLANG_WARN_RANGE_LOOP_ANALYSIS = YES;
				CLANG_WARN_STRICT_PROTOTYPES = YES;
				CLANG_WARN_SUSPICIOUS_MOVE = YES;
				CLANG_WARN_UNGUARDED_AVAILABILITY = YES_AGGRESSIVE;
				CLANG_WARN_UNREACHABLE_CODE = YES;
				CLANG_WARN__DUPLICATE_METHOD_MATCH = YES;
				CODE_SIGN_IDENTITY = "iPhone Developer";
				COPY_PHASE_STRIP = NO;
				DEBUG_INFORMATION_FORMAT = dwarf;
				ENABLE_STRICT_OBJC_MSGSEND = YES;
				ENABLE_TESTABILITY = YES;
				GCC_C_LANGUAGE_STANDARD = gnu11;
				GCC_DYNAMIC_NO_PIC = NO;
				GCC_NO_COMMON_BLOCKS = YES;
				GCC_OPTIMIZATION_LEVEL = 0;
				GCC_PREPROCESSOR_DEFINITIONS = (
					"DEBUG=1",
					"$(inherited)",
				);
				GCC_WARN_64_TO_32_BIT_CONVERSION = YES;
				GCC_WARN_ABOUT_RETURN_TYPE = YES_ERROR;
				GCC_WARN_UNDECLARED_SELECTOR = YES;
				GCC_WARN_UNINITIALIZED_AUTOS = YES_AGGRESSIVE;
				GCC_WARN_UNUSED_FUNCTION = YES;
				GCC_WARN_UNUSED_VARIABLE = YES;
				IPHONEOS_DEPLOYMENT_TARGET = 12.1;
				MTL_ENABLE_DEBUG_INFO = INCLUDE_SOURCE;
				MTL_FAST_MATH = YES;
				ONLY_ACTIVE_ARCH = YES;
				SDKROOT = iphoneos;
				SWIFT_ACTIVE_COMPILATION_CONDITIONS = DEBUG;
				SWIFT_OPTIMIZATION_LEVEL = "-Onone";
			};
			name = Debug;
		};
		15E3C50722153C3600292EA5 /* Release */ = {
			isa = XCBuildConfiguration;
			buildSettings = {
				ALWAYS_SEARCH_USER_PATHS = NO;
				CLANG_ANALYZER_NONNULL = YES;
				CLANG_ANALYZER_NUMBER_OBJECT_CONVERSION = YES_AGGRESSIVE;
				CLANG_CXX_LANGUAGE_STANDARD = "gnu++14";
				CLANG_CXX_LIBRARY = "libc++";
				CLANG_ENABLE_MODULES = YES;
				CLANG_ENABLE_OBJC_ARC = YES;
				CLANG_ENABLE_OBJC_WEAK = YES;
				CLANG_WARN_BLOCK_CAPTURE_AUTORELEASING = YES;
				CLANG_WARN_BOOL_CONVERSION = YES;
				CLANG_WARN_COMMA = YES;
				CLANG_WARN_CONSTANT_CONVERSION = YES;
				CLANG_WARN_DEPRECATED_OBJC_IMPLEMENTATIONS = YES;
				CLANG_WARN_DIRECT_OBJC_ISA_USAGE = YES_ERROR;
				CLANG_WARN_DOCUMENTATION_COMMENTS = YES;
				CLANG_WARN_EMPTY_BODY = YES;
				CLANG_WARN_ENUM_CONVERSION = YES;
				CLANG_WARN_INFINITE_RECURSION = YES;
				CLANG_WARN_INT_CONVERSION = YES;
				CLANG_WARN_NON_LITERAL_NULL_CONVERSION = YES;
				CLANG_WARN_OBJC_IMPLICIT_RETAIN_SELF = YES;
				CLANG_WARN_OBJC_LITERAL_CONVERSION = YES;
				CLANG_WARN_OBJC_ROOT_CLASS = YES_ERROR;
				CLANG_WARN_RANGE_LOOP_ANALYSIS = YES;
				CLANG_WARN_STRICT_PROTOTYPES = YES;
				CLANG_WARN_SUSPICIOUS_MOVE = YES;
				CLANG_WARN_UNGUARDED_AVAILABILITY = YES_AGGRESSIVE;
				CLANG_WARN_UNREACHABLE_CODE = YES;
				CLANG_WARN__DUPLICATE_METHOD_MATCH = YES;
				CODE_SIGN_IDENTITY = "iPhone Developer";
				COPY_PHASE_STRIP = NO;
				DEBUG_INFORMATION_FORMAT = "dwarf-with-dsym";
				ENABLE_NS_ASSERTIONS = NO;
				ENABLE_STRICT_OBJC_MSGSEND = YES;
				GCC_C_LANGUAGE_STANDARD = gnu11;
				GCC_NO_COMMON_BLOCKS = YES;
				GCC_WARN_64_TO_32_BIT_CONVERSION = YES;
				GCC_WARN_ABOUT_RETURN_TYPE = YES_ERROR;
				GCC_WARN_UNDECLARED_SELECTOR = YES;
				GCC_WARN_UNINITIALIZED_AUTOS = YES_AGGRESSIVE;
				GCC_WARN_UNUSED_FUNCTION = YES;
				GCC_WARN_UNUSED_VARIABLE = YES;
				IPHONEOS_DEPLOYMENT_TARGET = 12.1;
				MTL_ENABLE_DEBUG_INFO = NO;
				MTL_FAST_MATH = YES;
				SDKROOT = iphoneos;
				SWIFT_COMPILATION_MODE = wholemodule;
				SWIFT_OPTIMIZATION_LEVEL = "-O";
				VALIDATE_PRODUCT = YES;
			};
			name = Release;
		};
		15E3C50922153C3600292EA5 /* Debug */ = {
			isa = XCBuildConfiguration;
			baseConfigurationReference = 3C9EE590026AD9DFFF2D4520 /* Pods-Workout.debug.xcconfig */;
			buildSettings = {
				ASSETCATALOG_COMPILER_APPICON_NAME = AppIcon;
				CODE_SIGN_ENTITLEMENTS = Workout/Workout.entitlements;
				CODE_SIGN_STYLE = Automatic;
				DEVELOPMENT_TEAM = 29QS2U2ZSM;
				INFOPLIST_FILE = Workout/Info.plist;
				IPHONEOS_DEPLOYMENT_TARGET = 11.4;
				LD_RUNPATH_SEARCH_PATHS = (
					"$(inherited)",
					"@executable_path/Frameworks",
				);
				PRODUCT_BUNDLE_IDENTIFIER = com.shenFeiyu.Workout;
				PRODUCT_NAME = "$(TARGET_NAME)";
				SWIFT_VERSION = 4.2;
				TARGETED_DEVICE_FAMILY = 1;
			};
			name = Debug;
		};
		15E3C50A22153C3600292EA5 /* Release */ = {
			isa = XCBuildConfiguration;
			baseConfigurationReference = 882F10366FFC100E517EEA3E /* Pods-Workout.release.xcconfig */;
			buildSettings = {
				ASSETCATALOG_COMPILER_APPICON_NAME = AppIcon;
				CODE_SIGN_ENTITLEMENTS = Workout/Workout.entitlements;
				CODE_SIGN_STYLE = Automatic;
				DEVELOPMENT_TEAM = 29QS2U2ZSM;
				INFOPLIST_FILE = Workout/Info.plist;
				IPHONEOS_DEPLOYMENT_TARGET = 11.4;
				LD_RUNPATH_SEARCH_PATHS = (
					"$(inherited)",
					"@executable_path/Frameworks",
				);
				PRODUCT_BUNDLE_IDENTIFIER = com.shenFeiyu.Workout;
				PRODUCT_NAME = "$(TARGET_NAME)";
				SWIFT_VERSION = 4.2;
				TARGETED_DEVICE_FAMILY = 1;
			};
			name = Release;
		};
/* End XCBuildConfiguration section */

/* Begin XCConfigurationList section */
		15457F882223B65B00307D90 /* Build configuration list for PBXNativeTarget "WorkoutTests" */ = {
			isa = XCConfigurationList;
			buildConfigurations = (
				15457F862223B65B00307D90 /* Debug */,
				15457F872223B65B00307D90 /* Release */,
			);
			defaultConfigurationIsVisible = 0;
			defaultConfigurationName = Release;
		};
		15E3C4EE22153C3400292EA5 /* Build configuration list for PBXProject "Workout" */ = {
			isa = XCConfigurationList;
			buildConfigurations = (
				15E3C50622153C3600292EA5 /* Debug */,
				15E3C50722153C3600292EA5 /* Release */,
			);
			defaultConfigurationIsVisible = 0;
			defaultConfigurationName = Release;
		};
		15E3C50822153C3600292EA5 /* Build configuration list for PBXNativeTarget "Workout" */ = {
			isa = XCConfigurationList;
			buildConfigurations = (
				15E3C50922153C3600292EA5 /* Debug */,
				15E3C50A22153C3600292EA5 /* Release */,
			);
			defaultConfigurationIsVisible = 0;
			defaultConfigurationName = Release;
		};
/* End XCConfigurationList section */

/* Begin XCVersionGroup section */
		15E3C4FD22153C3500292EA5 /* Workout.xcdatamodeld */ = {
			isa = XCVersionGroup;
			children = (
				15E3C4FE22153C3500292EA5 /* Workout.xcdatamodel */,
			);
			currentVersion = 15E3C4FE22153C3500292EA5 /* Workout.xcdatamodel */;
			path = Workout.xcdatamodeld;
			sourceTree = "<group>";
			versionGroupType = wrapper.xcdatamodel;
		};
/* End XCVersionGroup section */
	};
	rootObject = 15E3C4EB22153C3400292EA5 /* Project object */;
}
